PODS:
  - Flutter (1.0.0)
  - integration_test (0.0.1):
    - Flutter
  - iron_vault_pkg (0.0.1):
    - Flutter

DEPENDENCIES:
  - Flutter (from `Flutter`)
  - integration_test (from `.symlinks/plugins/integration_test/ios`)
  - iron_vault_pkg (from `.symlinks/plugins/iron_vault_pkg/ios`)

EXTERNAL SOURCES:
  Flutter:
    :path: Flutter
  integration_test:
    :path: ".symlinks/plugins/integration_test/ios"
  iron_vault_pkg:
    :path: ".symlinks/plugins/iron_vault_pkg/ios"

SPEC CHECKSUMS:
  Flutter: cabc95a1d2626b1b06e7179b784ebcf0c0cde467
  integration_test: 252f60fa39af5e17c3aa9899d35d908a0721b573
  iron_vault_pkg: 207dc8600f83b2fc96a437f19e774a154ac43e0b

PODFILE CHECKSUM: 3c63482e143d1b91d2d2560aee9fb04ecc74ac7e

COCOAPODS: 1.16.2
